// !$*UTF8*$!
{
	archiveVersion = 1;
	classes = {
	};
	objectVersion = 46;
	objects = {

/* Begin PBXBuildFile section */
		1D21A7281ABC3C3000D4B18A /* main.m in Sources */ = {isa = PBXBuildFile; fileRef = 1D21A7271ABC3C3000D4B18A /* main.m */; };
		1D21A72B1ABC3C3000D4B18A /* AppDelegate.m in Sources */ = {isa = PBXBuildFile; fileRef = 1D21A72A1ABC3C3000D4B18A /* AppDelegate.m */; };
		1D21A72E1ABC3C3000D4B18A /* SXStackViewController.m in Sources */ = {isa = PBXBuildFile; fileRef = 1D21A72D1ABC3C3000D4B18A /* SXStackViewController.m */; };
		1D21A7311ABC3C3000D4B18A /* Main.storyboard in Resources */ = {isa = PBXBuildFile; fileRef = 1D21A72F1ABC3C3000D4B18A /* Main.storyboard */; };
		1D21A7331ABC3C3000D4B18A /* Images.xcassets in Resources */ = {isa = PBXBuildFile; fileRef = 1D21A7321ABC3C3000D4B18A /* Images.xcassets */; };
		1D21A7361ABC3C3000D4B18A /* LaunchScreen.xib in Resources */ = {isa = PBXBuildFile; fileRef = 1D21A7341ABC3C3000D4B18A /* LaunchScreen.xib */; };
		1D21A7421ABC3C3000D4B18A /* _08_______Tests.m in Sources */ = {isa = PBXBuildFile; fileRef = 1D21A7411ABC3C3000D4B18A /* _08_______Tests.m */; };
		1D21A74E1ABC3E7100D4B18A /* SXLineLayout.m in Sources */ = {isa = PBXBuildFile; fileRef = 1D21A74D1ABC3E7100D4B18A /* SXLineLayout.m */; };
		1D21A7511ABC3EAF00D4B18A /* SXCircleLayout.m in Sources */ = {isa = PBXBuildFile; fileRef = 1D21A7501ABC3EAF00D4B18A /* SXCircleLayout.m */; };
		1D21A7541ABC3F1F00D4B18A /* SXStackLayout.m in Sources */ = {isa = PBXBuildFile; fileRef = 1D21A7531ABC3F1F00D4B18A /* SXStackLayout.m */; };
		1D21A7571ABC3F8200D4B18A /* SXImageCell.m in Sources */ = {isa = PBXBuildFile; fileRef = 1D21A7561ABC3F8200D4B18A /* SXImageCell.m */; };
		1D21A7591ABC3FEA00D4B18A /* SXImageCell.xib in Resources */ = {isa = PBXBuildFile; fileRef = 1D21A7581ABC3FEA00D4B18A /* SXImageCell.xib */; };
		1D32137D1ABC7026008070B6 /* SXLineViewController.m in Sources */ = {isa = PBXBuildFile; fileRef = 1D32137C1ABC7026008070B6 /* SXLineViewController.m */; };
		1D3213801ABC7392008070B6 /* SXCircleViewController.m in Sources */ = {isa = PBXBuildFile; fileRef = 1D32137F1ABC7392008070B6 /* SXCircleViewController.m */; };
/* End PBXBuildFile section */

/* Begin PBXContainerItemProxy section */
		1D21A73C1ABC3C3000D4B18A /* PBXContainerItemProxy */ = {
			isa = PBXContainerItemProxy;
			containerPortal = 1D21A71A1ABC3C3000D4B18A /* Project object */;
			proxyType = 1;
			remoteGlobalIDString = 1D21A7211ABC3C3000D4B18A;
			remoteInfo = "108 - 特殊布局";
		};
/* End PBXContainerItemProxy section */

/* Begin PBXFileReference section */
		1D21A7221ABC3C3000D4B18A /* 108 - 特殊布局.app */ = {isa = PBXFileReference; explicitFileType = wrapper.application; includeInIndex = 0; path = "108 - 特殊布局.app"; sourceTree = BUILT_PRODUCTS_DIR; };
		1D21A7261ABC3C3000D4B18A /* Info.plist */ = {isa = PBXFileReference; lastKnownFileType = text.plist.xml; path = Info.plist; sourceTree = "<group>"; };
		1D21A7271ABC3C3000D4B18A /* main.m */ = {isa = PBXFileReference; lastKnownFileType = sourcecode.c.objc; path = main.m; sourceTree = "<group>"; };
		1D21A7291ABC3C3000D4B18A /* AppDelegate.h */ = {isa = PBXFileReference; lastKnownFileType = sourcecode.c.h; path = AppDelegate.h; sourceTree = "<group>"; };
		1D21A72A1ABC3C3000D4B18A /* AppDelegate.m */ = {isa = PBXFileReference; lastKnownFileType = sourcecode.c.objc; path = AppDelegate.m; sourceTree = "<group>"; };
		1D21A72C1ABC3C3000D4B18A /* SXStackViewController.h */ = {isa = PBXFileReference; lastKnownFileType = sourcecode.c.h; path = SXStackViewController.h; sourceTree = "<group>"; };
		1D21A72D1ABC3C3000D4B18A /* SXStackViewController.m */ = {isa = PBXFileReference; lastKnownFileType = sourcecode.c.objc; path = SXStackViewController.m; sourceTree = "<group>"; };
		1D21A7301ABC3C3000D4B18A /* Base */ = {isa = PBXFileReference; lastKnownFileType = file.storyboard; name = Base; path = Base.lproj/Main.storyboard; sourceTree = "<group>"; };
		1D21A7321ABC3C3000D4B18A /* Images.xcassets */ = {isa = PBXFileReference; lastKnownFileType = folder.assetcatalog; path = Images.xcassets; sourceTree = "<group>"; };
		1D21A7351ABC3C3000D4B18A /* Base */ = {isa = PBXFileReference; lastKnownFileType = file.xib; name = Base; path = Base.lproj/LaunchScreen.xib; sourceTree = "<group>"; };
		1D21A73B1ABC3C3000D4B18A /* 108 - 特殊布局Tests.xctest */ = {isa = PBXFileReference; explicitFileType = wrapper.cfbundle; includeInIndex = 0; path = "108 - 特殊布局Tests.xctest"; sourceTree = BUILT_PRODUCTS_DIR; };
		1D21A7401ABC3C3000D4B18A /* Info.plist */ = {isa = PBXFileReference; lastKnownFileType = text.plist.xml; path = Info.plist; sourceTree = "<group>"; };
		1D21A7411ABC3C3000D4B18A /* _08_______Tests.m */ = {isa = PBXFileReference; lastKnownFileType = sourcecode.c.objc; path = "_08_______Tests.m"; sourceTree = "<group>"; };
		1D21A74C1ABC3E7100D4B18A /* SXLineLayout.h */ = {isa = PBXFileReference; fileEncoding = 4; lastKnownFileType = sourcecode.c.h; path = SXLineLayout.h; sourceTree = "<group>"; };
		1D21A74D1ABC3E7100D4B18A /* SXLineLayout.m */ = {isa = PBXFileReference; fileEncoding = 4; lastKnownFileType = sourcecode.c.objc; path = SXLineLayout.m; sourceTree = "<group>"; };
		1D21A74F1ABC3EAF00D4B18A /* SXCircleLayout.h */ = {isa = PBXFileReference; fileEncoding = 4; lastKnownFileType = sourcecode.c.h; path = SXCircleLayout.h; sourceTree = "<group>"; };
		1D21A7501ABC3EAF00D4B18A /* SXCircleLayout.m */ = {isa = PBXFileReference; fileEncoding = 4; lastKnownFileType = sourcecode.c.objc; path = SXCircleLayout.m; sourceTree = "<group>"; };
		1D21A7521ABC3F1F00D4B18A /* SXStackLayout.h */ = {isa = PBXFileReference; fileEncoding = 4; lastKnownFileType = sourcecode.c.h; path = SXStackLayout.h; sourceTree = "<group>"; };
		1D21A7531ABC3F1F00D4B18A /* SXStackLayout.m */ = {isa = PBXFileReference; fileEncoding = 4; lastKnownFileType = sourcecode.c.objc; path = SXStackLayout.m; sourceTree = "<group>"; };
		1D21A7551ABC3F8200D4B18A /* SXImageCell.h */ = {isa = PBXFileReference; fileEncoding = 4; lastKnownFileType = sourcecode.c.h; path = SXImageCell.h; sourceTree = "<group>"; };
		1D21A7561ABC3F8200D4B18A /* SXImageCell.m */ = {isa = PBXFileReference; fileEncoding = 4; lastKnownFileType = sourcecode.c.objc; path = SXImageCell.m; sourceTree = "<group>"; };
		1D21A7581ABC3FEA00D4B18A /* SXImageCell.xib */ = {isa = PBXFileReference; fileEncoding = 4; lastKnownFileType = file.xib; path = SXImageCell.xib; sourceTree = "<group>"; };
		1D32137B1ABC7026008070B6 /* SXLineViewController.h */ = {isa = PBXFileReference; fileEncoding = 4; lastKnownFileType = sourcecode.c.h; path = SXLineViewController.h; sourceTree = "<group>"; };
		1D32137C1ABC7026008070B6 /* SXLineViewController.m */ = {isa = PBXFileReference; fileEncoding = 4; lastKnownFileType = sourcecode.c.objc; path = SXLineViewController.m; sourceTree = "<group>"; };
		1D32137E1ABC7392008070B6 /* SXCircleViewController.h */ = {isa = PBXFileReference; fileEncoding = 4; lastKnownFileType = sourcecode.c.h; path = SXCircleViewController.h; sourceTree = "<group>"; };
		1D32137F1ABC7392008070B6 /* SXCircleViewController.m */ = {isa = PBXFileReference; fileEncoding = 4; lastKnownFileType = sourcecode.c.objc; path = SXCircleViewController.m; sourceTree = "<group>"; };
/* End PBXFileReference section */

/* Begin PBXFrameworksBuildPhase section */
		1D21A71F1ABC3C3000D4B18A /* Frameworks */ = {
			isa = PBXFrameworksBuildPhase;
			buildActionMask = 2147483647;
			files = (
			);
			runOnlyForDeploymentPostprocessing = 0;
		};
		1D21A7381ABC3C3000D4B18A /* Frameworks */ = {
			isa = PBXFrameworksBuildPhase;
			buildActionMask = 2147483647;
			files = (
			);
			runOnlyForDeploymentPostprocessing = 0;
		};
/* End PBXFrameworksBuildPhase section */

/* Begin PBXGroup section */
		1D21A7191ABC3C3000D4B18A = {
			isa = PBXGroup;
			children = (
				1D21A7241ABC3C3000D4B18A /* 108 - 特殊布局 */,
				1D21A73E1ABC3C3000D4B18A /* 108 - 特殊布局Tests */,
				1D21A7231ABC3C3000D4B18A /* Products */,
			);
			sourceTree = "<group>";
		};
		1D21A7231ABC3C3000D4B18A /* Products */ = {
			isa = PBXGroup;
			children = (
				1D21A7221ABC3C3000D4B18A /* 108 - 特殊布局.app */,
				1D21A73B1ABC3C3000D4B18A /* 108 - 特殊布局Tests.xctest */,
			);
			name = Products;
			sourceTree = "<group>";
		};
		1D21A7241ABC3C3000D4B18A /* 108 - 特殊布局 */ = {
			isa = PBXGroup;
			children = (
				1D21A74B1ABC3CA500D4B18A /* Layout */,
				1D21A7291ABC3C3000D4B18A /* AppDelegate.h */,
				1D21A72A1ABC3C3000D4B18A /* AppDelegate.m */,
				1D21A72C1ABC3C3000D4B18A /* SXStackViewController.h */,
				1D21A72D1ABC3C3000D4B18A /* SXStackViewController.m */,
				1D32137B1ABC7026008070B6 /* SXLineViewController.h */,
				1D32137C1ABC7026008070B6 /* SXLineViewController.m */,
				1D32137E1ABC7392008070B6 /* SXCircleViewController.h */,
				1D32137F1ABC7392008070B6 /* SXCircleViewController.m */,
				1D21A7551ABC3F8200D4B18A /* SXImageCell.h */,
				1D21A7561ABC3F8200D4B18A /* SXImageCell.m */,
				1D21A7581ABC3FEA00D4B18A /* SXImageCell.xib */,
				1D21A72F1ABC3C3000D4B18A /* Main.storyboard */,
				1D21A7321ABC3C3000D4B18A /* Images.xcassets */,
				1D21A7341ABC3C3000D4B18A /* LaunchScreen.xib */,
				1D21A7251ABC3C3000D4B18A /* Supporting Files */,
			);
			path = "108 - 特殊布局";
			sourceTree = "<group>";
		};
		1D21A7251ABC3C3000D4B18A /* Supporting Files */ = {
			isa = PBXGroup;
			children = (
				1D21A7261ABC3C3000D4B18A /* Info.plist */,
				1D21A7271ABC3C3000D4B18A /* main.m */,
			);
			name = "Supporting Files";
			sourceTree = "<group>";
		};
		1D21A73E1ABC3C3000D4B18A /* 108 - 特殊布局Tests */ = {
			isa = PBXGroup;
			children = (
				1D21A7411ABC3C3000D4B18A /* _08_______Tests.m */,
				1D21A73F1ABC3C3000D4B18A /* Supporting Files */,
			);
			path = "108 - 特殊布局Tests";
			sourceTree = "<group>";
		};
		1D21A73F1ABC3C3000D4B18A /* Supporting Files */ = {
			isa = PBXGroup;
			children = (
				1D21A7401ABC3C3000D4B18A /* Info.plist */,
			);
			name = "Supporting Files";
			sourceTree = "<group>";
		};
		1D21A74B1ABC3CA500D4B18A /* Layout */ = {
			isa = PBXGroup;
			children = (
				1D21A74C1ABC3E7100D4B18A /* SXLineLayout.h */,
				1D21A74D1ABC3E7100D4B18A /* SXLineLayout.m */,
				1D21A74F1ABC3EAF00D4B18A /* SXCircleLayout.h */,
				1D21A7501ABC3EAF00D4B18A /* SXCircleLayout.m */,
				1D21A7521ABC3F1F00D4B18A /* SXStackLayout.h */,
				1D21A7531ABC3F1F00D4B18A /* SXStackLayout.m */,
			);
			name = Layout;
			sourceTree = "<group>";
		};
/* End PBXGroup section */

/* Begin PBXNativeTarget section */
		1D21A7211ABC3C3000D4B18A /* 108 - 特殊布局 */ = {
			isa = PBXNativeTarget;
			buildConfigurationList = 1D21A7451ABC3C3000D4B18A /* Build configuration list for PBXNativeTarget "108 - 特殊布局" */;
			buildPhases = (
				1D21A71E1ABC3C3000D4B18A /* Sources */,
				1D21A71F1ABC3C3000D4B18A /* Frameworks */,
				1D21A7201ABC3C3000D4B18A /* Resources */,
			);
			buildRules = (
			);
			dependencies = (
			);
			name = "108 - 特殊布局";
			productName = "108 - 特殊布局";
			productReference = 1D21A7221ABC3C3000D4B18A /* 108 - 特殊布局.app */;
			productType = "com.apple.product-type.application";
		};
		1D21A73A1ABC3C3000D4B18A /* 108 - 特殊布局Tests */ = {
			isa = PBXNativeTarget;
			buildConfigurationList = 1D21A7481ABC3C3000D4B18A /* Build configuration list for PBXNativeTarget "108 - 特殊布局Tests" */;
			buildPhases = (
				1D21A7371ABC3C3000D4B18A /* Sources */,
				1D21A7381ABC3C3000D4B18A /* Frameworks */,
				1D21A7391ABC3C3000D4B18A /* Resources */,
			);
			buildRules = (
			);
			dependencies = (
				1D21A73D1ABC3C3000D4B18A /* PBXTargetDependency */,
			);
			name = "108 - 特殊布局Tests";
			productName = "108 - 特殊布局Tests";
			productReference = 1D21A73B1ABC3C3000D4B18A /* 108 - 特殊布局Tests.xctest */;
			productType = "com.apple.product-type.bundle.unit-test";
		};
/* End PBXNativeTarget section */

/* Begin PBXProject section */
		1D21A71A1ABC3C3000D4B18A /* Project object */ = {
			isa = PBXProject;
			attributes = {
				CLASSPREFIX = SX;
				LastUpgradeCheck = 0630;
				ORGANIZATIONNAME = shangxianDante;
				TargetAttributes = {
					1D21A7211ABC3C3000D4B18A = {
						CreatedOnToolsVersion = 6.3;
					};
					1D21A73A1ABC3C3000D4B18A = {
						CreatedOnToolsVersion = 6.3;
						TestTargetID = 1D21A7211ABC3C3000D4B18A;
					};
				};
			};
			buildConfigurationList = 1D21A71D1ABC3C3000D4B18A /* Build configuration list for PBXProject "108 - 特殊布局" */;
			compatibilityVersion = "Xcode 3.2";
			developmentRegion = English;
			hasScannedForEncodings = 0;
			knownRegions = (
				en,
				Base,
			);
			mainGroup = 1D21A7191ABC3C3000D4B18A;
			productRefGroup = 1D21A7231ABC3C3000D4B18A /* Products */;
			projectDirPath = "";
			projectRoot = "";
			targets = (
				1D21A7211ABC3C3000D4B18A /* 108 - 特殊布局 */,
				1D21A73A1ABC3C3000D4B18A /* 108 - 特殊布局Tests */,
			);
		};
/* End PBXProject section */

/* Begin PBXResourcesBuildPhase section */
		1D21A7201ABC3C3000D4B18A /* Resources */ = {
			isa = PBXResourcesBuildPhase;
			buildActionMask = 2147483647;
			files = (
				1D21A7311ABC3C3000D4B18A /* Main.storyboard in Resources */,
				1D21A7361ABC3C3000D4B18A /* LaunchScreen.xib in Resources */,
				1D21A7591ABC3FEA00D4B18A /* SXImageCell.xib in Resources */,
				1D21A7331ABC3C3000D4B18A /* Images.xcassets in Resources */,
			);
			runOnlyForDeploymentPostprocessing = 0;
		};
		1D21A7391ABC3C3000D4B18A /* Resources */ = {
			isa = PBXResourcesBuildPhase;
			buildActionMask = 2147483647;
			files = (
			);
			runOnlyForDeploymentPostprocessing = 0;
		};
/* End PBXResourcesBuildPhase section */

/* Begin PBXSourcesBuildPhase section */
		1D21A71E1ABC3C3000D4B18A /* Sources */ = {
			isa = PBXSourcesBuildPhase;
			buildActionMask = 2147483647;
			files = (
				1D21A72E1ABC3C3000D4B18A /* SXStackViewController.m in Sources */,
				1D21A7511ABC3EAF00D4B18A /* SXCircleLayout.m in Sources */,
				1D21A72B1ABC3C3000D4B18A /* AppDelegate.m in Sources */,
				1D21A7541ABC3F1F00D4B18A /* SXStackLayout.m in Sources */,
				1D21A74E1ABC3E7100D4B18A /* SXLineLayout.m in Sources */,
				1D3213801ABC7392008070B6 /* SXCircleViewController.m in Sources */,
				1D21A7571ABC3F8200D4B18A /* SXImageCell.m in Sources */,
				1D21A7281ABC3C3000D4B18A /* main.m in Sources */,
				1D32137D1ABC7026008070B6 /* SXLineViewController.m in Sources */,
			);
			runOnlyForDeploymentPostprocessing = 0;
		};
		1D21A7371ABC3C3000D4B18A /* Sources */ = {
			isa = PBXSourcesBuildPhase;
			buildActionMask = 2147483647;
			files = (
				1D21A7421ABC3C3000D4B18A /* _08_______Tests.m in Sources */,
			);
			runOnlyForDeploymentPostprocessing = 0;
		};
/* End PBXSourcesBuildPhase section */

/* Begin PBXTargetDependency section */
		1D21A73D1ABC3C3000D4B18A /* PBXTargetDependency */ = {
			isa = PBXTargetDependency;
			target = 1D21A7211ABC3C3000D4B18A /* 108 - 特殊布局 */;
			targetProxy = 1D21A73C1ABC3C3000D4B18A /* PBXContainerItemProxy */;
		};
/* End PBXTargetDependency section */

/* Begin PBXVariantGroup section */
		1D21A72F1ABC3C3000D4B18A /* Main.storyboard */ = {
			isa = PBXVariantGroup;
			children = (
				1D21A7301ABC3C3000D4B18A /* Base */,
			);
			name = Main.storyboard;
			sourceTree = "<group>";
		};
		1D21A7341ABC3C3000D4B18A /* LaunchScreen.xib */ = {
			isa = PBXVariantGroup;
			children = (
				1D21A7351ABC3C3000D4B18A /* Base */,
			);
			name = LaunchScreen.xib;
			sourceTree = "<group>";
		};
/* End PBXVariantGroup section */

/* Begin XCBuildConfiguration section */
		1D21A7431ABC3C3000D4B18A /* Debug */ = {
			isa = XCBuildConfiguration;
			buildSettings = {
				ALWAYS_SEARCH_USER_PATHS = NO;
				CLANG_CXX_LANGUAGE_STANDARD = "gnu++0x";
				CLANG_CXX_LIBRARY = "libc++";
				CLANG_ENABLE_MODULES = YES;
				CLANG_ENABLE_OBJC_ARC = YES;
				CLANG_WARN_BOOL_CONVERSION = YES;
				CLANG_WARN_CONSTANT_CONVERSION = YES;
				CLANG_WARN_DIRECT_OBJC_ISA_USAGE = YES_ERROR;
				CLANG_WARN_EMPTY_BODY = YES;
				CLANG_WARN_ENUM_CONVERSION = YES;
				CLANG_WARN_INT_CONVERSION = YES;
				CLANG_WARN_OBJC_ROOT_CLASS = YES_ERROR;
				CLANG_WARN_UNREACHABLE_CODE = YES;
				CLANG_WARN__DUPLICATE_METHOD_MATCH = YES;
				"CODE_SIGN_IDENTITY[sdk=iphoneos*]" = "iPhone Developer";
				COPY_PHASE_STRIP = NO;
				DEBUG_INFORMATION_FORMAT = dwarf;
				ENABLE_STRICT_OBJC_MSGSEND = YES;
				GCC_C_LANGUAGE_STANDARD = gnu99;
				GCC_DYNAMIC_NO_PIC = NO;
				GCC_NO_COMMON_BLOCKS = YES;
				GCC_OPTIMIZATION_LEVEL = 0;
				GCC_PREPROCESSOR_DEFINITIONS = (
					"DEBUG=1",
					"$(inherited)",
				);
				GCC_SYMBOLS_PRIVATE_EXTERN = NO;
				GCC_WARN_64_TO_32_BIT_CONVERSION = YES;
				GCC_WARN_ABOUT_RETURN_TYPE = YES_ERROR;
				GCC_WARN_UNDECLARED_SELECTOR = YES;
				GCC_WARN_UNINITIALIZED_AUTOS = YES_AGGRESSIVE;
				GCC_WARN_UNUSED_FUNCTION = YES;
				GCC_WARN_UNUSED_VARIABLE = YES;
				IPHONEOS_DEPLOYMENT_TARGET = 8.3;
				MTL_ENABLE_DEBUG_INFO = YES;
				ONLY_ACTIVE_ARCH = YES;
				SDKROOT = iphoneos;
			};
			name = Debug;
		};
		1D21A7441ABC3C3000D4B18A /* Release */ = {
			isa = XCBuildConfiguration;
			buildSettings = {
				ALWAYS_SEARCH_USER_PATHS = NO;
				CLANG_CXX_LANGUAGE_STANDARD = "gnu++0x";
				CLANG_CXX_LIBRARY = "libc++";
				CLANG_ENABLE_MODULES = YES;
				CLANG_ENABLE_OBJC_ARC = YES;
				CLANG_WARN_BOOL_CONVERSION = YES;
				CLANG_WARN_CONSTANT_CONVERSION = YES;
				CLANG_WARN_DIRECT_OBJC_ISA_USAGE = YES_ERROR;
				CLANG_WARN_EMPTY_BODY = YES;
				CLANG_WARN_ENUM_CONVERSION = YES;
				CLANG_WARN_INT_CONVERSION = YES;
				CLANG_WARN_OBJC_ROOT_CLASS = YES_ERROR;
				CLANG_WARN_UNREACHABLE_CODE = YES;
				CLANG_WARN__DUPLICATE_METHOD_MATCH = YES;
				"CODE_SIGN_IDENTITY[sdk=iphoneos*]" = "iPhone Developer";
				COPY_PHASE_STRIP = NO;
				DEBUG_INFORMATION_FORMAT = "dwarf-with-dsym";
				ENABLE_NS_ASSERTIONS = NO;
				ENABLE_STRICT_OBJC_MSGSEND = YES;
				GCC_C_LANGUAGE_STANDARD = gnu99;
				GCC_NO_COMMON_BLOCKS = YES;
				GCC_WARN_64_TO_32_BIT_CONVERSION = YES;
				GCC_WARN_ABOUT_RETURN_TYPE = YES_ERROR;
				GCC_WARN_UNDECLARED_SELECTOR = YES;
				GCC_WARN_UNINITIALIZED_AUTOS = YES_AGGRESSIVE;
				GCC_WARN_UNUSED_FUNCTION = YES;
				GCC_WARN_UNUSED_VARIABLE = YES;
				IPHONEOS_DEPLOYMENT_TARGET = 8.3;
				MTL_ENABLE_DEBUG_INFO = NO;
				SDKROOT = iphoneos;
				VALIDATE_PRODUCT = YES;
			};
			name = Release;
		};
		1D21A7461ABC3C3000D4B18A /* Debug */ = {
			isa = XCBuildConfiguration;
			buildSettings = {
				ASSETCATALOG_COMPILER_APPICON_NAME = AppIcon;
				INFOPLIST_FILE = "108 - 特殊布局/Info.plist";
				LD_RUNPATH_SEARCH_PATHS = "$(inherited) @executable_path/Frameworks";
				PRODUCT_NAME = "$(TARGET_NAME)";
			};
			name = Debug;
		};
		1D21A7471ABC3C3000D4B18A /* Release */ = {
			isa = XCBuildConfiguration;
			buildSettings = {
				ASSETCATALOG_COMPILER_APPICON_NAME = AppIcon;
				INFOPLIST_FILE = "108 - 特殊布局/Info.plist";
				LD_RUNPATH_SEARCH_PATHS = "$(inherited) @executable_path/Frameworks";
				PRODUCT_NAME = "$(TARGET_NAME)";
			};
			name = Release;
		};
		1D21A7491ABC3C3000D4B18A /* Debug */ = {
			isa = XCBuildConfiguration;
			buildSettings = {
				BUNDLE_LOADER = "$(TEST_HOST)";
				FRAMEWORK_SEARCH_PATHS = (
					"$(SDKROOT)/Developer/Library/Frameworks",
					"$(inherited)",
				);
				GCC_PREPROCESSOR_DEFINITIONS = (
					"DEBUG=1",
					"$(inherited)",
				);
				INFOPLIST_FILE = "108 - 特殊布局Tests/Info.plist";
				LD_RUNPATH_SEARCH_PATHS = "$(inherited) @executable_path/Frameworks @loader_path/Frameworks";
				PRODUCT_NAME = "$(TARGET_NAME)";
				TEST_HOST = "$(BUILT_PRODUCTS_DIR)/108 - 特殊布局.app/108 - 特殊布局";
			};
			name = Debug;
		};
		1D21A74A1ABC3C3000D4B18A /* Release */ = {
			isa = XCBuildConfiguration;
			buildSettings = {
				BUNDLE_LOADER = "$(TEST_HOST)";
				FRAMEWORK_SEARCH_PATHS = (
					"$(SDKROOT)/Developer/Library/Frameworks",
					"$(inherited)",
				);
				INFOPLIST_FILE = "108 - 特殊布局Tests/Info.plist";
				LD_RUNPATH_SEARCH_PATHS = "$(inherited) @executable_path/Frameworks @loader_path/Frameworks";
				PRODUCT_NAME = "$(TARGET_NAME)";
				TEST_HOST = "$(BUILT_PRODUCTS_DIR)/108 - 特殊布局.app/108 - 特殊布局";
			};
			name = Release;
		};
/* End XCBuildConfiguration section */

/* Begin XCConfigurationList section */
		1D21A71D1ABC3C3000D4B18A /* Build configuration list for PBXProject "108 - 特殊布局" */ = {
			isa = XCConfigurationList;
			buildConfigurations = (
				1D21A7431ABC3C3000D4B18A /* Debug */,
				1D21A7441ABC3C3000D4B18A /* Release */,
			);
			defaultConfigurationIsVisible = 0;
			defaultConfigurationName = Release;
		};
		1D21A7451ABC3C3000D4B18A /* Build configuration list for PBXNativeTarget "108 - 特殊布局" */ = {
			isa = XCConfigurationList;
			buildConfigurations = (
				1D21A7461ABC3C3000D4B18A /* Debug */,
				1D21A7471ABC3C3000D4B18A /* Release */,
			);
			defaultConfigurationIsVisible = 0;
			defaultConfigurationName = Release;
		};
		1D21A7481ABC3C3000D4B18A /* Build configuration list for PBXNativeTarget "108 - 特殊布局Tests" */ = {
			isa = XCConfigurationList;
			buildConfigurations = (
				1D21A7491ABC3C3000D4B18A /* Debug */,
				1D21A74A1ABC3C3000D4B18A /* Release */,
			);
			defaultConfigurationIsVisible = 0;
			defaultConfigurationName = Release;
		};
/* End XCConfigurationList section */
	};
	rootObject = 1D21A71A1ABC3C3000D4B18A /* Project object */;
}
